
Microsoft Visual Studio Solution File, Format Version 12.00
# Visual Studio Version 17
VisualStudioVersion = 17.8.34525.116
MinimumVisualStudioVersion = 10.0.40219.1
Project("{FAE04EC0-301F-11D3-BF4B-00C04F79EFBC}") = "Contador", "Contador\Contador.csproj", "{B8CEB1BD-4A32-499A-BD7D-0EE67E6EEB3B}"
EndProject
Global
	GlobalSection(SolutionConfigurationPlatforms) = preSolution
		Debug|Any CPU = Debug|Any CPU
		Release|Any CPU = Release|Any CPU
	EndGlobalSection
	GlobalSection(ProjectConfigurationPlatforms) = postSolution
		{B8CEB1BD-4A32-499A-BD7D-0EE67E6EEB3B}.Debug|Any CPU.ActiveCfg = Debug|Any CPU
		{B8CEB1BD-4A32-499A-BD7D-0EE67E6EEB3B}.Debug|Any CPU.Build.0 = Debug|Any CPU
		{B8CEB1BD-4A32-499A-BD7D-0EE67E6EEB3B}.Release|Any CPU.ActiveCfg = Release|Any CPU
		{B8CEB1BD-4A32-499A-BD7D-0EE67E6EEB3B}.Release|Any CPU.Build.0 = Release|Any CPU
	EndGlobalSection
	GlobalSection(SolutionProperties) = preSolution
		HideSolutionNode = FALSE
	EndGlobalSection
	GlobalSection(ExtensibilityGlobals) = postSolution
		SolutionGuid = {3A88DBE7-0DF7-4882-BD60-1BD85A97CBA7}
	EndGlobalSection
EndGlobal
